
Microsoft Visual Studio Solution File, Format Version 12.00
# Visual Studio 15
VisualStudioVersion = 15.0.26124.0
MinimumVisualStudioVersion = 15.0.26124.0
Project("{FAE04EC0-301F-11D3-BF4B-00C04F79EFBC}") = "Game.Engine", "Game.Engine\Game.Engine.csproj", "{5AE51ED3-8456-499A-B7BA-A8D05878A841}"
EndProject
Project("{FAE04EC0-301F-11D3-BF4B-00C04F79EFBC}") = "Game.Engine.Tests", "Game.Engine.Tests\Game.Engine.Tests.csproj", "{51D7A0D4-F5E5-4F1D-BF0F-DCB390BE921F}"
EndProject
Global
	GlobalSection(SolutionConfigurationPlatforms) = preSolution
		Debug|Any CPU = Debug|Any CPU
		Debug|x64 = Debug|x64
		Debug|x86 = Debug|x86
		Release|Any CPU = Release|Any CPU
		Release|x64 = Release|x64
		Release|x86 = Release|x86
	EndGlobalSection
	GlobalSection(SolutionProperties) = preSolution
		HideSolutionNode = FALSE
	EndGlobalSection
	GlobalSection(ProjectConfigurationPlatforms) = postSolution
		{5AE51ED3-8456-499A-B7BA-A8D05878A841}.Debug|Any CPU.ActiveCfg = Debug|Any CPU
		{5AE51ED3-8456-499A-B7BA-A8D05878A841}.Debug|Any CPU.Build.0 = Debug|Any CPU
		{5AE51ED3-8456-499A-B7BA-A8D05878A841}.Debug|x64.ActiveCfg = Debug|Any CPU
		{5AE51ED3-8456-499A-B7BA-A8D05878A841}.Debug|x64.Build.0 = Debug|Any CPU
		{5AE51ED3-8456-499A-B7BA-A8D05878A841}.Debug|x86.ActiveCfg = Debug|Any CPU
		{5AE51ED3-8456-499A-B7BA-A8D05878A841}.Debug|x86.Build.0 = Debug|Any CPU
		{5AE51ED3-8456-499A-B7BA-A8D05878A841}.Release|Any CPU.ActiveCfg = Release|Any CPU
		{5AE51ED3-8456-499A-B7BA-A8D05878A841}.Release|Any CPU.Build.0 = Release|Any CPU
		{5AE51ED3-8456-499A-B7BA-A8D05878A841}.Release|x64.ActiveCfg = Release|Any CPU
		{5AE51ED3-8456-499A-B7BA-A8D05878A841}.Release|x64.Build.0 = Release|Any CPU
		{5AE51ED3-8456-499A-B7BA-A8D05878A841}.Release|x86.ActiveCfg = Release|Any CPU
		{5AE51ED3-8456-499A-B7BA-A8D05878A841}.Release|x86.Build.0 = Release|Any CPU
		{51D7A0D4-F5E5-4F1D-BF0F-DCB390BE921F}.Debug|Any CPU.ActiveCfg = Debug|Any CPU
		{51D7A0D4-F5E5-4F1D-BF0F-DCB390BE921F}.Debug|Any CPU.Build.0 = Debug|Any CPU
		{51D7A0D4-F5E5-4F1D-BF0F-DCB390BE921F}.Debug|x64.ActiveCfg = Debug|Any CPU
		{51D7A0D4-F5E5-4F1D-BF0F-DCB390BE921F}.Debug|x64.Build.0 = Debug|Any CPU
		{51D7A0D4-F5E5-4F1D-BF0F-DCB390BE921F}.Debug|x86.ActiveCfg = Debug|Any CPU
		{51D7A0D4-F5E5-4F1D-BF0F-DCB390BE921F}.Debug|x86.Build.0 = Debug|Any CPU
		{51D7A0D4-F5E5-4F1D-BF0F-DCB390BE921F}.Release|Any CPU.ActiveCfg = Release|Any CPU
		{51D7A0D4-F5E5-4F1D-BF0F-DCB390BE921F}.Release|Any CPU.Build.0 = Release|Any CPU
		{51D7A0D4-F5E5-4F1D-BF0F-DCB390BE921F}.Release|x64.ActiveCfg = Release|Any CPU
		{51D7A0D4-F5E5-4F1D-BF0F-DCB390BE921F}.Release|x64.Build.0 = Release|Any CPU
		{51D7A0D4-F5E5-4F1D-BF0F-DCB390BE921F}.Release|x86.ActiveCfg = Release|Any CPU
		{51D7A0D4-F5E5-4F1D-BF0F-DCB390BE921F}.Release|x86.Build.0 = Release|Any CPU
	EndGlobalSection
EndGlobal
